// !$*UTF8*$!
{
	archiveVersion = 1;
	classes = {
	};
	objectVersion = 56;
	objects = {

/* Begin PBXBuildFile section */
		6C41EE262B33532D0039E45C /* Manrope-VariableFont_wght.ttf in Resources */ = {isa = PBXBuildFile; fileRef = 6C41EE1E2B33532D0039E45C /* Manrope-VariableFont_wght.ttf */; };
		6C41EE272B33532D0039E45C /* Manrope-VariableFont_wght.ttf in Resources */ = {isa = PBXBuildFile; fileRef = 6C41EE1E2B33532D0039E45C /* Manrope-VariableFont_wght.ttf */; };
		6C41EE282B33532D0039E45C /* Manrope-VariableFont_wght.ttf in Resources */ = {isa = PBXBuildFile; fileRef = 6C41EE1E2B33532D0039E45C /* Manrope-VariableFont_wght.ttf */; };
		6C41EE292B33532D0039E45C /* Manrope-ExtraLight.ttf in Resources */ = {isa = PBXBuildFile; fileRef = 6C41EE1F2B33532D0039E45C /* Manrope-ExtraLight.ttf */; };
		6C41EE2A2B33532D0039E45C /* Manrope-ExtraLight.ttf in Resources */ = {isa = PBXBuildFile; fileRef = 6C41EE1F2B33532D0039E45C /* Manrope-ExtraLight.ttf */; };
		6C41EE2B2B33532D0039E45C /* Manrope-ExtraLight.ttf in Resources */ = {isa = PBXBuildFile; fileRef = 6C41EE1F2B33532D0039E45C /* Manrope-ExtraLight.ttf */; };
		6C41EE2C2B33532D0039E45C /* Manrope-Medium.ttf in Resources */ = {isa = PBXBuildFile; fileRef = 6C41EE202B33532D0039E45C /* Manrope-Medium.ttf */; };
		6C41EE2D2B33532D0039E45C /* Manrope-Medium.ttf in Resources */ = {isa = PBXBuildFile; fileRef = 6C41EE202B33532D0039E45C /* Manrope-Medium.ttf */; };
		6C41EE2E2B33532D0039E45C /* Manrope-Medium.ttf in Resources */ = {isa = PBXBuildFile; fileRef = 6C41EE202B33532D0039E45C /* Manrope-Medium.ttf */; };
		6C41EE2F2B33532D0039E45C /* Manrope-SemiBold.ttf in Resources */ = {isa = PBXBuildFile; fileRef = 6C41EE212B33532D0039E45C /* Manrope-SemiBold.ttf */; };
		6C41EE302B33532D0039E45C /* Manrope-SemiBold.ttf in Resources */ = {isa = PBXBuildFile; fileRef = 6C41EE212B33532D0039E45C /* Manrope-SemiBold.ttf */; };
		6C41EE312B33532D0039E45C /* Manrope-SemiBold.ttf in Resources */ = {isa = PBXBuildFile; fileRef = 6C41EE212B33532D0039E45C /* Manrope-SemiBold.ttf */; };
		6C41EE322B33532D0039E45C /* Manrope-Regular.ttf in Resources */ = {isa = PBXBuildFile; fileRef = 6C41EE222B33532D0039E45C /* Manrope-Regular.ttf */; };
		6C41EE332B33532D0039E45C /* Manrope-Regular.ttf in Resources */ = {isa = PBXBuildFile; fileRef = 6C41EE222B33532D0039E45C /* Manrope-Regular.ttf */; };
		6C41EE342B33532D0039E45C /* Manrope-Regular.ttf in Resources */ = {isa = PBXBuildFile; fileRef = 6C41EE222B33532D0039E45C /* Manrope-Regular.ttf */; };
		6C41EE352B33532D0039E45C /* Manrope-ExtraBold.ttf in Resources */ = {isa = PBXBuildFile; fileRef = 6C41EE232B33532D0039E45C /* Manrope-ExtraBold.ttf */; };
		6C41EE362B33532D0039E45C /* Manrope-ExtraBold.ttf in Resources */ = {isa = PBXBuildFile; fileRef = 6C41EE232B33532D0039E45C /* Manrope-ExtraBold.ttf */; };
		6C41EE372B33532D0039E45C /* Manrope-ExtraBold.ttf in Resources */ = {isa = PBXBuildFile; fileRef = 6C41EE232B33532D0039E45C /* Manrope-ExtraBold.ttf */; };
		6C41EE382B33532D0039E45C /* Manrope-Bold.ttf in Resources */ = {isa = PBXBuildFile; fileRef = 6C41EE242B33532D0039E45C /* Manrope-Bold.ttf */; };
		6C41EE392B33532D0039E45C /* Manrope-Bold.ttf in Resources */ = {isa = PBXBuildFile; fileRef = 6C41EE242B33532D0039E45C /* Manrope-Bold.ttf */; };
		6C41EE3A2B33532D0039E45C /* Manrope-Bold.ttf in Resources */ = {isa = PBXBuildFile; fileRef = 6C41EE242B33532D0039E45C /* Manrope-Bold.ttf */; };
		6C41EE3B2B33532D0039E45C /* Manrope-Light.ttf in Resources */ = {isa = PBXBuildFile; fileRef = 6C41EE252B33532D0039E45C /* Manrope-Light.ttf */; };
		6C41EE3C2B33532D0039E45C /* Manrope-Light.ttf in Resources */ = {isa = PBXBuildFile; fileRef = 6C41EE252B33532D0039E45C /* Manrope-Light.ttf */; };
		6C41EE3D2B33532D0039E45C /* Manrope-Light.ttf in Resources */ = {isa = PBXBuildFile; fileRef = 6C41EE252B33532D0039E45C /* Manrope-Light.ttf */; };
		6C74C2E52B3EC84100835281 /* ThreeDButton.swift in Sources */ = {isa = PBXBuildFile; fileRef = 6C74C2E42B3EC84100835281 /* ThreeDButton.swift */; };
		6C74C2E72B3F017100835281 /* AccountView.swift in Sources */ = {isa = PBXBuildFile; fileRef = 6C74C2E62B3F017000835281 /* AccountView.swift */; };
		6C90454C2B41737D00B3964E /* RestaurantListView.swift in Sources */ = {isa = PBXBuildFile; fileRef = 6C90454B2B41737D00B3964E /* RestaurantListView.swift */; };
		6C90454E2B41799500B3964E /* SplashView.swift in Sources */ = {isa = PBXBuildFile; fileRef = 6C90454D2B41799500B3964E /* SplashView.swift */; };
		6C9A52C92B4AA75A006907CE /* RestaurantService.swift in Sources */ = {isa = PBXBuildFile; fileRef = 6C9A52C82B4AA75A006907CE /* RestaurantService.swift */; };
		6C9A52CB2B4AB28A006907CE /* BuildingViewModel.swift in Sources */ = {isa = PBXBuildFile; fileRef = 6C9A52CA2B4AB28A006907CE /* BuildingViewModel.swift */; };
		6C9A52CD2B4AC022006907CE /* BuildingDetailsViewModel.swift in Sources */ = {isa = PBXBuildFile; fileRef = 6C9A52CC2B4AC022006907CE /* BuildingDetailsViewModel.swift */; };
		859952B12B4D3AE9009199E3 /* ImageView.swift in Sources */ = {isa = PBXBuildFile; fileRef = 859952B02B4D3AE9009199E3 /* ImageView.swift */; };
		BEDB89E92B20D535004EC9D8 /* netwokApp.swift in Sources */ = {isa = PBXBuildFile; fileRef = BEDB89E82B20D535004EC9D8 /* netwokApp.swift */; };
		BEDB89EB2B20D535004EC9D8 /* ContentView.swift in Sources */ = {isa = PBXBuildFile; fileRef = BEDB89EA2B20D535004EC9D8 /* ContentView.swift */; };
		BEDB89ED2B20D536004EC9D8 /* Assets.xcassets in Resources */ = {isa = PBXBuildFile; fileRef = BEDB89EC2B20D536004EC9D8 /* Assets.xcassets */; };
		BEDB89F02B20D536004EC9D8 /* Preview Assets.xcassets in Resources */ = {isa = PBXBuildFile; fileRef = BEDB89EF2B20D536004EC9D8 /* Preview Assets.xcassets */; };
		BEDB89FA2B20D536004EC9D8 /* netwokTests.swift in Sources */ = {isa = PBXBuildFile; fileRef = BEDB89F92B20D536004EC9D8 /* netwokTests.swift */; };
		BEDB8A042B20D536004EC9D8 /* netwokUITests.swift in Sources */ = {isa = PBXBuildFile; fileRef = BEDB8A032B20D536004EC9D8 /* netwokUITests.swift */; };
		BEDB8A062B20D536004EC9D8 /* netwokUITestsLaunchTests.swift in Sources */ = {isa = PBXBuildFile; fileRef = BEDB8A052B20D536004EC9D8 /* netwokUITestsLaunchTests.swift */; };
		BEDB8A172B20DFD8004EC9D8 /* MapView.swift in Sources */ = {isa = PBXBuildFile; fileRef = BEDB8A162B20DFD8004EC9D8 /* MapView.swift */; };
		BEEA294F2B2A1ACB00471829 /* User.swift in Sources */ = {isa = PBXBuildFile; fileRef = BEEA294E2B2A1ACB00471829 /* User.swift */; };
		BEEA29512B2A1C7E00471829 /* Building.swift in Sources */ = {isa = PBXBuildFile; fileRef = BEEA29502B2A1C7E00471829 /* Building.swift */; };
		BEEA29532B2A1F1A00471829 /* BuildingDetailsView.swift in Sources */ = {isa = PBXBuildFile; fileRef = BEEA29522B2A1F1A00471829 /* BuildingDetailsView.swift */; };
		E2EC80EA2B4C4D61002B8C68 /* UserService.swift in Sources */ = {isa = PBXBuildFile; fileRef = E2EC80E92B4C4D61002B8C68 /* UserService.swift */; };
/* End PBXBuildFile section */

/* Begin PBXContainerItemProxy section */
		BEDB89F62B20D536004EC9D8 /* PBXContainerItemProxy */ = {
			isa = PBXContainerItemProxy;
			containerPortal = BEDB89DD2B20D535004EC9D8 /* Project object */;
			proxyType = 1;
			remoteGlobalIDString = BEDB89E42B20D535004EC9D8;
			remoteInfo = netwok;
		};
		BEDB8A002B20D536004EC9D8 /* PBXContainerItemProxy */ = {
			isa = PBXContainerItemProxy;
			containerPortal = BEDB89DD2B20D535004EC9D8 /* Project object */;
			proxyType = 1;
			remoteGlobalIDString = BEDB89E42B20D535004EC9D8;
			remoteInfo = netwok;
		};
/* End PBXContainerItemProxy section */

/* Begin PBXFileReference section */
		6C41EE1D2B334D330039E45C /* Info.plist */ = {isa = PBXFileReference; lastKnownFileType = text.plist; path = Info.plist; sourceTree = "<group>"; };
		6C41EE1E2B33532D0039E45C /* Manrope-VariableFont_wght.ttf */ = {isa = PBXFileReference; lastKnownFileType = file; name = "Manrope-VariableFont_wght.ttf"; path = "netwok/Assets.xcassets/Manrope-VariableFont_wght.dataset/Manrope-VariableFont_wght.ttf"; sourceTree = SOURCE_ROOT; };
		6C41EE1F2B33532D0039E45C /* Manrope-ExtraLight.ttf */ = {isa = PBXFileReference; lastKnownFileType = file; name = "Manrope-ExtraLight.ttf"; path = "netwok/Assets.xcassets/Manrope-ExtraLight.dataset/Manrope-ExtraLight.ttf"; sourceTree = SOURCE_ROOT; };
		6C41EE202B33532D0039E45C /* Manrope-Medium.ttf */ = {isa = PBXFileReference; lastKnownFileType = file; name = "Manrope-Medium.ttf"; path = "netwok/Assets.xcassets/Manrope-Medium.dataset/Manrope-Medium.ttf"; sourceTree = SOURCE_ROOT; };
		6C41EE212B33532D0039E45C /* Manrope-SemiBold.ttf */ = {isa = PBXFileReference; lastKnownFileType = file; name = "Manrope-SemiBold.ttf"; path = "netwok/Assets.xcassets/Manrope-SemiBold.dataset/Manrope-SemiBold.ttf"; sourceTree = SOURCE_ROOT; };
		6C41EE222B33532D0039E45C /* Manrope-Regular.ttf */ = {isa = PBXFileReference; lastKnownFileType = file; name = "Manrope-Regular.ttf"; path = "netwok/Assets.xcassets/Manrope-Regular.dataset/Manrope-Regular.ttf"; sourceTree = SOURCE_ROOT; };
		6C41EE232B33532D0039E45C /* Manrope-ExtraBold.ttf */ = {isa = PBXFileReference; lastKnownFileType = file; name = "Manrope-ExtraBold.ttf"; path = "netwok/Assets.xcassets/Manrope-ExtraBold.dataset/Manrope-ExtraBold.ttf"; sourceTree = SOURCE_ROOT; };
		6C41EE242B33532D0039E45C /* Manrope-Bold.ttf */ = {isa = PBXFileReference; lastKnownFileType = file; name = "Manrope-Bold.ttf"; path = "netwok/Assets.xcassets/Manrope-Bold.dataset/Manrope-Bold.ttf"; sourceTree = SOURCE_ROOT; };
		6C41EE252B33532D0039E45C /* Manrope-Light.ttf */ = {isa = PBXFileReference; lastKnownFileType = file; name = "Manrope-Light.ttf"; path = "netwok/Assets.xcassets/Manrope-Light.dataset/Manrope-Light.ttf"; sourceTree = SOURCE_ROOT; };
		6C74C2E42B3EC84100835281 /* ThreeDButton.swift */ = {isa = PBXFileReference; lastKnownFileType = sourcecode.swift; path = ThreeDButton.swift; sourceTree = "<group>"; };
		6C74C2E62B3F017000835281 /* AccountView.swift */ = {isa = PBXFileReference; lastKnownFileType = sourcecode.swift; path = AccountView.swift; sourceTree = "<group>"; };
		6C90454B2B41737D00B3964E /* RestaurantListView.swift */ = {isa = PBXFileReference; lastKnownFileType = sourcecode.swift; path = RestaurantListView.swift; sourceTree = "<group>"; };
		6C90454D2B41799500B3964E /* SplashView.swift */ = {isa = PBXFileReference; lastKnownFileType = sourcecode.swift; path = SplashView.swift; sourceTree = "<group>"; };
		6C9A52C82B4AA75A006907CE /* RestaurantService.swift */ = {isa = PBXFileReference; lastKnownFileType = sourcecode.swift; name = RestaurantService.swift; path = netwok/Views/RestaurantService.swift; sourceTree = SOURCE_ROOT; };
		6C9A52CA2B4AB28A006907CE /* BuildingViewModel.swift */ = {isa = PBXFileReference; lastKnownFileType = sourcecode.swift; name = BuildingViewModel.swift; path = netwok/Views/BuildingViewModel.swift; sourceTree = SOURCE_ROOT; };
		6C9A52CC2B4AC022006907CE /* BuildingDetailsViewModel.swift */ = {isa = PBXFileReference; lastKnownFileType = sourcecode.swift; name = BuildingDetailsViewModel.swift; path = netwok/Views/BuildingDetailsViewModel.swift; sourceTree = SOURCE_ROOT; };
		859952B02B4D3AE9009199E3 /* ImageView.swift */ = {isa = PBXFileReference; lastKnownFileType = sourcecode.swift; path = ImageView.swift; sourceTree = "<group>"; };
		BEDB89E52B20D535004EC9D8 /* netwok.app */ = {isa = PBXFileReference; explicitFileType = wrapper.application; includeInIndex = 0; path = netwok.app; sourceTree = BUILT_PRODUCTS_DIR; };
		BEDB89E82B20D535004EC9D8 /* netwokApp.swift */ = {isa = PBXFileReference; lastKnownFileType = sourcecode.swift; path = netwokApp.swift; sourceTree = "<group>"; };
		BEDB89EA2B20D535004EC9D8 /* ContentView.swift */ = {isa = PBXFileReference; lastKnownFileType = sourcecode.swift; path = ContentView.swift; sourceTree = "<group>"; };
		BEDB89EC2B20D536004EC9D8 /* Assets.xcassets */ = {isa = PBXFileReference; lastKnownFileType = folder.assetcatalog; path = Assets.xcassets; sourceTree = "<group>"; };
		BEDB89EF2B20D536004EC9D8 /* Preview Assets.xcassets */ = {isa = PBXFileReference; lastKnownFileType = folder.assetcatalog; path = "Preview Assets.xcassets"; sourceTree = "<group>"; };
		BEDB89F52B20D536004EC9D8 /* netwokTests.xctest */ = {isa = PBXFileReference; explicitFileType = wrapper.cfbundle; includeInIndex = 0; path = netwokTests.xctest; sourceTree = BUILT_PRODUCTS_DIR; };
		BEDB89F92B20D536004EC9D8 /* netwokTests.swift */ = {isa = PBXFileReference; lastKnownFileType = sourcecode.swift; path = netwokTests.swift; sourceTree = "<group>"; };
		BEDB89FF2B20D536004EC9D8 /* netwokUITests.xctest */ = {isa = PBXFileReference; explicitFileType = wrapper.cfbundle; includeInIndex = 0; path = netwokUITests.xctest; sourceTree = BUILT_PRODUCTS_DIR; };
		BEDB8A032B20D536004EC9D8 /* netwokUITests.swift */ = {isa = PBXFileReference; lastKnownFileType = sourcecode.swift; path = netwokUITests.swift; sourceTree = "<group>"; };
		BEDB8A052B20D536004EC9D8 /* netwokUITestsLaunchTests.swift */ = {isa = PBXFileReference; lastKnownFileType = sourcecode.swift; path = netwokUITestsLaunchTests.swift; sourceTree = "<group>"; };
		BEDB8A162B20DFD8004EC9D8 /* MapView.swift */ = {isa = PBXFileReference; lastKnownFileType = sourcecode.swift; path = MapView.swift; sourceTree = "<group>"; };
		BEEA294E2B2A1ACB00471829 /* User.swift */ = {isa = PBXFileReference; lastKnownFileType = sourcecode.swift; path = User.swift; sourceTree = "<group>"; };
		BEEA29502B2A1C7E00471829 /* Building.swift */ = {isa = PBXFileReference; lastKnownFileType = sourcecode.swift; path = Building.swift; sourceTree = "<group>"; };
		BEEA29522B2A1F1A00471829 /* BuildingDetailsView.swift */ = {isa = PBXFileReference; lastKnownFileType = sourcecode.swift; path = BuildingDetailsView.swift; sourceTree = "<group>"; };
		E2EC80E92B4C4D61002B8C68 /* UserService.swift */ = {isa = PBXFileReference; lastKnownFileType = sourcecode.swift; path = UserService.swift; sourceTree = SOURCE_ROOT; };
/* End PBXFileReference section */

/* Begin PBXFrameworksBuildPhase section */
		BEDB89E22B20D535004EC9D8 /* Frameworks */ = {
			isa = PBXFrameworksBuildPhase;
			buildActionMask = 2147483647;
			files = (
			);
			runOnlyForDeploymentPostprocessing = 0;
		};
		BEDB89F22B20D536004EC9D8 /* Frameworks */ = {
			isa = PBXFrameworksBuildPhase;
			buildActionMask = 2147483647;
			files = (
			);
			runOnlyForDeploymentPostprocessing = 0;
		};
		BEDB89FC2B20D536004EC9D8 /* Frameworks */ = {
			isa = PBXFrameworksBuildPhase;
			buildActionMask = 2147483647;
			files = (
			);
			runOnlyForDeploymentPostprocessing = 0;
		};
/* End PBXFrameworksBuildPhase section */

/* Begin PBXGroup section */
		6C41EE132B334CDA0039E45C /* Fonts */ = {
			isa = PBXGroup;
			children = (
				6C41EE242B33532D0039E45C /* Manrope-Bold.ttf */,
				6C41EE232B33532D0039E45C /* Manrope-ExtraBold.ttf */,
				6C41EE1F2B33532D0039E45C /* Manrope-ExtraLight.ttf */,
				6C41EE252B33532D0039E45C /* Manrope-Light.ttf */,
				6C41EE202B33532D0039E45C /* Manrope-Medium.ttf */,
				6C41EE222B33532D0039E45C /* Manrope-Regular.ttf */,
				6C41EE212B33532D0039E45C /* Manrope-SemiBold.ttf */,
				6C41EE1E2B33532D0039E45C /* Manrope-VariableFont_wght.ttf */,
			);
			path = Fonts;
			sourceTree = "<group>";
		};
		BEDB89DC2B20D535004EC9D8 = {
			isa = PBXGroup;
			children = (
				BEDB89E72B20D535004EC9D8 /* netwok */,
				BEDB89F82B20D536004EC9D8 /* netwokTests */,
				BEDB8A022B20D536004EC9D8 /* netwokUITests */,
				BEDB89E62B20D535004EC9D8 /* Products */,
			);
			sourceTree = "<group>";
		};
		BEDB89E62B20D535004EC9D8 /* Products */ = {
			isa = PBXGroup;
			children = (
				BEDB89E52B20D535004EC9D8 /* netwok.app */,
				BEDB89F52B20D536004EC9D8 /* netwokTests.xctest */,
				BEDB89FF2B20D536004EC9D8 /* netwokUITests.xctest */,
			);
			name = Products;
			sourceTree = "<group>";
		};
		BEDB89E72B20D535004EC9D8 /* netwok */ = {
			isa = PBXGroup;
			children = (
				6C41EE1D2B334D330039E45C /* Info.plist */,
				6C41EE132B334CDA0039E45C /* Fonts */,
				BEDB8A152B20D734004EC9D8 /* Views */,
				BEDB8A142B20D615004EC9D8 /* Services */,
				BEDB8A132B20D5F6004EC9D8 /* ViewModels */,
				BEDB8A122B20D5F0004EC9D8 /* Models */,
				BEDB89E82B20D535004EC9D8 /* netwokApp.swift */,
				BEDB89EC2B20D536004EC9D8 /* Assets.xcassets */,
				BEDB89EE2B20D536004EC9D8 /* Preview Content */,
			);
			path = netwok;
			sourceTree = "<group>";
		};
		BEDB89EE2B20D536004EC9D8 /* Preview Content */ = {
			isa = PBXGroup;
			children = (
				BEDB89EF2B20D536004EC9D8 /* Preview Assets.xcassets */,
			);
			path = "Preview Content";
			sourceTree = "<group>";
		};
		BEDB89F82B20D536004EC9D8 /* netwokTests */ = {
			isa = PBXGroup;
			children = (
				BEDB89F92B20D536004EC9D8 /* netwokTests.swift */,
			);
			path = netwokTests;
			sourceTree = "<group>";
		};
		BEDB8A022B20D536004EC9D8 /* netwokUITests */ = {
			isa = PBXGroup;
			children = (
				BEDB8A032B20D536004EC9D8 /* netwokUITests.swift */,
				BEDB8A052B20D536004EC9D8 /* netwokUITestsLaunchTests.swift */,
			);
			path = netwokUITests;
			sourceTree = "<group>";
		};
		BEDB8A122B20D5F0004EC9D8 /* Models */ = {
			isa = PBXGroup;
			children = (
				BEEA294E2B2A1ACB00471829 /* User.swift */,
				BEEA29502B2A1C7E00471829 /* Building.swift */,
			);
			path = Models;
			sourceTree = "<group>";
		};
		BEDB8A132B20D5F6004EC9D8 /* ViewModels */ = {
			isa = PBXGroup;
			children = (
				6C9A52CA2B4AB28A006907CE /* BuildingViewModel.swift */,
				6C9A52CC2B4AC022006907CE /* BuildingDetailsViewModel.swift */,
			);
			path = ViewModels;
			sourceTree = "<group>";
		};
		BEDB8A142B20D615004EC9D8 /* Services */ = {
			isa = PBXGroup;
			children = (
				6C9A52C82B4AA75A006907CE /* RestaurantService.swift */,
				E2EC80E92B4C4D61002B8C68 /* UserService.swift */,
			);
			path = Services;
			sourceTree = "<group>";
		};
		BEDB8A152B20D734004EC9D8 /* Views */ = {
			isa = PBXGroup;
			children = (
				BEDB89EA2B20D535004EC9D8 /* ContentView.swift */,
				BEDB8A162B20DFD8004EC9D8 /* MapView.swift */,
				BEEA29522B2A1F1A00471829 /* BuildingDetailsView.swift */,
				6C74C2E42B3EC84100835281 /* ThreeDButton.swift */,
				6C74C2E62B3F017000835281 /* AccountView.swift */,
				6C90454B2B41737D00B3964E /* RestaurantListView.swift */,
				6C90454D2B41799500B3964E /* SplashView.swift */,
				859952B02B4D3AE9009199E3 /* ImageView.swift */,
			);
			path = Views;
			sourceTree = "<group>";
		};
/* End PBXGroup section */

/* Begin PBXNativeTarget section */
		BEDB89E42B20D535004EC9D8 /* netwok */ = {
			isa = PBXNativeTarget;
			buildConfigurationList = BEDB8A092B20D536004EC9D8 /* Build configuration list for PBXNativeTarget "netwok" */;
			buildPhases = (
				BEDB89E12B20D535004EC9D8 /* Sources */,
				BEDB89E22B20D535004EC9D8 /* Frameworks */,
				BEDB89E32B20D535004EC9D8 /* Resources */,
			);
			buildRules = (
			);
			dependencies = (
			);
			name = netwok;
			productName = netwok;
			productReference = BEDB89E52B20D535004EC9D8 /* netwok.app */;
			productType = "com.apple.product-type.application";
		};
		BEDB89F42B20D536004EC9D8 /* netwokTests */ = {
			isa = PBXNativeTarget;
			buildConfigurationList = BEDB8A0C2B20D536004EC9D8 /* Build configuration list for PBXNativeTarget "netwokTests" */;
			buildPhases = (
				BEDB89F12B20D536004EC9D8 /* Sources */,
				BEDB89F22B20D536004EC9D8 /* Frameworks */,
				BEDB89F32B20D536004EC9D8 /* Resources */,
			);
			buildRules = (
			);
			dependencies = (
				BEDB89F72B20D536004EC9D8 /* PBXTargetDependency */,
			);
			name = netwokTests;
			productName = netwokTests;
			productReference = BEDB89F52B20D536004EC9D8 /* netwokTests.xctest */;
			productType = "com.apple.product-type.bundle.unit-test";
		};
		BEDB89FE2B20D536004EC9D8 /* netwokUITests */ = {
			isa = PBXNativeTarget;
			buildConfigurationList = BEDB8A0F2B20D536004EC9D8 /* Build configuration list for PBXNativeTarget "netwokUITests" */;
			buildPhases = (
				BEDB89FB2B20D536004EC9D8 /* Sources */,
				BEDB89FC2B20D536004EC9D8 /* Frameworks */,
				BEDB89FD2B20D536004EC9D8 /* Resources */,
			);
			buildRules = (
			);
			dependencies = (
				BEDB8A012B20D536004EC9D8 /* PBXTargetDependency */,
			);
			name = netwokUITests;
			productName = netwokUITests;
			productReference = BEDB89FF2B20D536004EC9D8 /* netwokUITests.xctest */;
			productType = "com.apple.product-type.bundle.ui-testing";
		};
/* End PBXNativeTarget section */

/* Begin PBXProject section */
		BEDB89DD2B20D535004EC9D8 /* Project object */ = {
			isa = PBXProject;
			attributes = {
				BuildIndependentTargetsInParallel = 1;
				LastSwiftUpdateCheck = 1430;
				LastUpgradeCheck = 1430;
				TargetAttributes = {
					BEDB89E42B20D535004EC9D8 = {
						CreatedOnToolsVersion = 14.3.1;
					};
					BEDB89F42B20D536004EC9D8 = {
						CreatedOnToolsVersion = 14.3.1;
						TestTargetID = BEDB89E42B20D535004EC9D8;
					};
					BEDB89FE2B20D536004EC9D8 = {
						CreatedOnToolsVersion = 14.3.1;
						TestTargetID = BEDB89E42B20D535004EC9D8;
					};
				};
			};
			buildConfigurationList = BEDB89E02B20D535004EC9D8 /* Build configuration list for PBXProject "netwok" */;
			compatibilityVersion = "Xcode 14.0";
			developmentRegion = en;
			hasScannedForEncodings = 0;
			knownRegions = (
				en,
				Base,
			);
			mainGroup = BEDB89DC2B20D535004EC9D8;
			productRefGroup = BEDB89E62B20D535004EC9D8 /* Products */;
			projectDirPath = "";
			projectRoot = "";
			targets = (
				BEDB89E42B20D535004EC9D8 /* netwok */,
				BEDB89F42B20D536004EC9D8 /* netwokTests */,
				BEDB89FE2B20D536004EC9D8 /* netwokUITests */,
			);
		};
/* End PBXProject section */

/* Begin PBXResourcesBuildPhase section */
		BEDB89E32B20D535004EC9D8 /* Resources */ = {
			isa = PBXResourcesBuildPhase;
			buildActionMask = 2147483647;
			files = (
				BEDB89F02B20D536004EC9D8 /* Preview Assets.xcassets in Resources */,
				6C41EE292B33532D0039E45C /* Manrope-ExtraLight.ttf in Resources */,
				BEDB89ED2B20D536004EC9D8 /* Assets.xcassets in Resources */,
				6C41EE262B33532D0039E45C /* Manrope-VariableFont_wght.ttf in Resources */,
				6C41EE3B2B33532D0039E45C /* Manrope-Light.ttf in Resources */,
				6C41EE2F2B33532D0039E45C /* Manrope-SemiBold.ttf in Resources */,
				6C41EE352B33532D0039E45C /* Manrope-ExtraBold.ttf in Resources */,
				6C41EE2C2B33532D0039E45C /* Manrope-Medium.ttf in Resources */,
				6C41EE382B33532D0039E45C /* Manrope-Bold.ttf in Resources */,
				6C41EE322B33532D0039E45C /* Manrope-Regular.ttf in Resources */,
			);
			runOnlyForDeploymentPostprocessing = 0;
		};
		BEDB89F32B20D536004EC9D8 /* Resources */ = {
			isa = PBXResourcesBuildPhase;
			buildActionMask = 2147483647;
			files = (
				6C41EE2D2B33532D0039E45C /* Manrope-Medium.ttf in Resources */,
				6C41EE332B33532D0039E45C /* Manrope-Regular.ttf in Resources */,
				6C41EE272B33532D0039E45C /* Manrope-VariableFont_wght.ttf in Resources */,
				6C41EE392B33532D0039E45C /* Manrope-Bold.ttf in Resources */,
				6C41EE3C2B33532D0039E45C /* Manrope-Light.ttf in Resources */,
				6C41EE362B33532D0039E45C /* Manrope-ExtraBold.ttf in Resources */,
				6C41EE302B33532D0039E45C /* Manrope-SemiBold.ttf in Resources */,
				6C41EE2A2B33532D0039E45C /* Manrope-ExtraLight.ttf in Resources */,
			);
			runOnlyForDeploymentPostprocessing = 0;
		};
		BEDB89FD2B20D536004EC9D8 /* Resources */ = {
			isa = PBXResourcesBuildPhase;
			buildActionMask = 2147483647;
			files = (
				6C41EE2E2B33532D0039E45C /* Manrope-Medium.ttf in Resources */,
				6C41EE342B33532D0039E45C /* Manrope-Regular.ttf in Resources */,
				6C41EE282B33532D0039E45C /* Manrope-VariableFont_wght.ttf in Resources */,
				6C41EE3A2B33532D0039E45C /* Manrope-Bold.ttf in Resources */,
				6C41EE3D2B33532D0039E45C /* Manrope-Light.ttf in Resources */,
				6C41EE372B33532D0039E45C /* Manrope-ExtraBold.ttf in Resources */,
				6C41EE312B33532D0039E45C /* Manrope-SemiBold.ttf in Resources */,
				6C41EE2B2B33532D0039E45C /* Manrope-ExtraLight.ttf in Resources */,
			);
			runOnlyForDeploymentPostprocessing = 0;
		};
/* End PBXResourcesBuildPhase section */

/* Begin PBXSourcesBuildPhase section */
		BEDB89E12B20D535004EC9D8 /* Sources */ = {
			isa = PBXSourcesBuildPhase;
			buildActionMask = 2147483647;
			files = (
				859952B12B4D3AE9009199E3 /* ImageView.swift in Sources */,
				E2EC80EA2B4C4D61002B8C68 /* UserService.swift in Sources */,
				6C9A52C92B4AA75A006907CE /* RestaurantService.swift in Sources */,
				BEEA294F2B2A1ACB00471829 /* User.swift in Sources */,
				BEDB89EB2B20D535004EC9D8 /* ContentView.swift in Sources */,
				BEEA29512B2A1C7E00471829 /* Building.swift in Sources */,
				BEEA29532B2A1F1A00471829 /* BuildingDetailsView.swift in Sources */,
				6C74C2E72B3F017100835281 /* AccountView.swift in Sources */,
				BEDB8A172B20DFD8004EC9D8 /* MapView.swift in Sources */,
				6C90454C2B41737D00B3964E /* RestaurantListView.swift in Sources */,
				6C9A52CB2B4AB28A006907CE /* BuildingViewModel.swift in Sources */,
				6C90454E2B41799500B3964E /* SplashView.swift in Sources */,
				BEDB89E92B20D535004EC9D8 /* netwokApp.swift in Sources */,
				6C9A52CD2B4AC022006907CE /* BuildingDetailsViewModel.swift in Sources */,
				6C74C2E52B3EC84100835281 /* ThreeDButton.swift in Sources */,
			);
			runOnlyForDeploymentPostprocessing = 0;
		};
		BEDB89F12B20D536004EC9D8 /* Sources */ = {
			isa = PBXSourcesBuildPhase;
			buildActionMask = 2147483647;
			files = (
				BEDB89FA2B20D536004EC9D8 /* netwokTests.swift in Sources */,
			);
			runOnlyForDeploymentPostprocessing = 0;
		};
		BEDB89FB2B20D536004EC9D8 /* Sources */ = {
			isa = PBXSourcesBuildPhase;
			buildActionMask = 2147483647;
			files = (
				BEDB8A062B20D536004EC9D8 /* netwokUITestsLaunchTests.swift in Sources */,
				BEDB8A042B20D536004EC9D8 /* netwokUITests.swift in Sources */,
			);
			runOnlyForDeploymentPostprocessing = 0;
		};
/* End PBXSourcesBuildPhase section */

/* Begin PBXTargetDependency section */
		BEDB89F72B20D536004EC9D8 /* PBXTargetDependency */ = {
			isa = PBXTargetDependency;
			target = BEDB89E42B20D535004EC9D8 /* netwok */;
			targetProxy = BEDB89F62B20D536004EC9D8 /* PBXContainerItemProxy */;
		};
		BEDB8A012B20D536004EC9D8 /* PBXTargetDependency */ = {
			isa = PBXTargetDependency;
			target = BEDB89E42B20D535004EC9D8 /* netwok */;
			targetProxy = BEDB8A002B20D536004EC9D8 /* PBXContainerItemProxy */;
		};
/* End PBXTargetDependency section */

/* Begin XCBuildConfiguration section */
		BEDB8A072B20D536004EC9D8 /* Debug */ = {
			isa = XCBuildConfiguration;
			buildSettings = {
				ALWAYS_SEARCH_USER_PATHS = NO;
				CLANG_ANALYZER_NONNULL = YES;
				CLANG_ANALYZER_NUMBER_OBJECT_CONVERSION = YES_AGGRESSIVE;
				CLANG_CXX_LANGUAGE_STANDARD = "gnu++20";
				CLANG_ENABLE_MODULES = YES;
				CLANG_ENABLE_OBJC_ARC = YES;
				CLANG_ENABLE_OBJC_WEAK = YES;
				CLANG_WARN_BLOCK_CAPTURE_AUTORELEASING = YES;
				CLANG_WARN_BOOL_CONVERSION = YES;
				CLANG_WARN_COMMA = YES;
				CLANG_WARN_CONSTANT_CONVERSION = YES;
				CLANG_WARN_DEPRECATED_OBJC_IMPLEMENTATIONS = YES;
				CLANG_WARN_DIRECT_OBJC_ISA_USAGE = YES_ERROR;
				CLANG_WARN_DOCUMENTATION_COMMENTS = YES;
				CLANG_WARN_EMPTY_BODY = YES;
				CLANG_WARN_ENUM_CONVERSION = YES;
				CLANG_WARN_INFINITE_RECURSION = YES;
				CLANG_WARN_INT_CONVERSION = YES;
				CLANG_WARN_NON_LITERAL_NULL_CONVERSION = YES;
				CLANG_WARN_OBJC_IMPLICIT_RETAIN_SELF = YES;
				CLANG_WARN_OBJC_LITERAL_CONVERSION = YES;
				CLANG_WARN_OBJC_ROOT_CLASS = YES_ERROR;
				CLANG_WARN_QUOTED_INCLUDE_IN_FRAMEWORK_HEADER = YES;
				CLANG_WARN_RANGE_LOOP_ANALYSIS = YES;
				CLANG_WARN_STRICT_PROTOTYPES = YES;
				CLANG_WARN_SUSPICIOUS_MOVE = YES;
				CLANG_WARN_UNGUARDED_AVAILABILITY = YES_AGGRESSIVE;
				CLANG_WARN_UNREACHABLE_CODE = YES;
				CLANG_WARN__DUPLICATE_METHOD_MATCH = YES;
				COPY_PHASE_STRIP = NO;
				DEBUG_INFORMATION_FORMAT = dwarf;
				ENABLE_STRICT_OBJC_MSGSEND = YES;
				ENABLE_TESTABILITY = YES;
				GCC_C_LANGUAGE_STANDARD = gnu11;
				GCC_DYNAMIC_NO_PIC = NO;
				GCC_NO_COMMON_BLOCKS = YES;
				GCC_OPTIMIZATION_LEVEL = 0;
				GCC_PREPROCESSOR_DEFINITIONS = (
					"DEBUG=1",
					"$(inherited)",
				);
				GCC_WARN_64_TO_32_BIT_CONVERSION = YES;
				GCC_WARN_ABOUT_RETURN_TYPE = YES_ERROR;
				GCC_WARN_UNDECLARED_SELECTOR = YES;
				GCC_WARN_UNINITIALIZED_AUTOS = YES_AGGRESSIVE;
				GCC_WARN_UNUSED_FUNCTION = YES;
				GCC_WARN_UNUSED_VARIABLE = YES;
				IPHONEOS_DEPLOYMENT_TARGET = 16.4;
				MTL_ENABLE_DEBUG_INFO = INCLUDE_SOURCE;
				MTL_FAST_MATH = YES;
				ONLY_ACTIVE_ARCH = YES;
				SDKROOT = iphoneos;
				SWIFT_ACTIVE_COMPILATION_CONDITIONS = DEBUG;
				SWIFT_OPTIMIZATION_LEVEL = "-Onone";
			};
			name = Debug;
		};
		BEDB8A082B20D536004EC9D8 /* Release */ = {
			isa = XCBuildConfiguration;
			buildSettings = {
				ALWAYS_SEARCH_USER_PATHS = NO;
				CLANG_ANALYZER_NONNULL = YES;
				CLANG_ANALYZER_NUMBER_OBJECT_CONVERSION = YES_AGGRESSIVE;
				CLANG_CXX_LANGUAGE_STANDARD = "gnu++20";
				CLANG_ENABLE_MODULES = YES;
				CLANG_ENABLE_OBJC_ARC = YES;
				CLANG_ENABLE_OBJC_WEAK = YES;
				CLANG_WARN_BLOCK_CAPTURE_AUTORELEASING = YES;
				CLANG_WARN_BOOL_CONVERSION = YES;
				CLANG_WARN_COMMA = YES;
				CLANG_WARN_CONSTANT_CONVERSION = YES;
				CLANG_WARN_DEPRECATED_OBJC_IMPLEMENTATIONS = YES;
				CLANG_WARN_DIRECT_OBJC_ISA_USAGE = YES_ERROR;
				CLANG_WARN_DOCUMENTATION_COMMENTS = YES;
				CLANG_WARN_EMPTY_BODY = YES;
				CLANG_WARN_ENUM_CONVERSION = YES;
				CLANG_WARN_INFINITE_RECURSION = YES;
				CLANG_WARN_INT_CONVERSION = YES;
				CLANG_WARN_NON_LITERAL_NULL_CONVERSION = YES;
				CLANG_WARN_OBJC_IMPLICIT_RETAIN_SELF = YES;
				CLANG_WARN_OBJC_LITERAL_CONVERSION = YES;
				CLANG_WARN_OBJC_ROOT_CLASS = YES_ERROR;
				CLANG_WARN_QUOTED_INCLUDE_IN_FRAMEWORK_HEADER = YES;
				CLANG_WARN_RANGE_LOOP_ANALYSIS = YES;
				CLANG_WARN_STRICT_PROTOTYPES = YES;
				CLANG_WARN_SUSPICIOUS_MOVE = YES;
				CLANG_WARN_UNGUARDED_AVAILABILITY = YES_AGGRESSIVE;
				CLANG_WARN_UNREACHABLE_CODE = YES;
				CLANG_WARN__DUPLICATE_METHOD_MATCH = YES;
				COPY_PHASE_STRIP = NO;
				DEBUG_INFORMATION_FORMAT = "dwarf-with-dsym";
				ENABLE_NS_ASSERTIONS = NO;
				ENABLE_STRICT_OBJC_MSGSEND = YES;
				GCC_C_LANGUAGE_STANDARD = gnu11;
				GCC_NO_COMMON_BLOCKS = YES;
				GCC_WARN_64_TO_32_BIT_CONVERSION = YES;
				GCC_WARN_ABOUT_RETURN_TYPE = YES_ERROR;
				GCC_WARN_UNDECLARED_SELECTOR = YES;
				GCC_WARN_UNINITIALIZED_AUTOS = YES_AGGRESSIVE;
				GCC_WARN_UNUSED_FUNCTION = YES;
				GCC_WARN_UNUSED_VARIABLE = YES;
				IPHONEOS_DEPLOYMENT_TARGET = 16.4;
				MTL_ENABLE_DEBUG_INFO = NO;
				MTL_FAST_MATH = YES;
				SDKROOT = iphoneos;
				SWIFT_COMPILATION_MODE = wholemodule;
				SWIFT_OPTIMIZATION_LEVEL = "-O";
				VALIDATE_PRODUCT = YES;
			};
			name = Release;
		};
		BEDB8A0A2B20D536004EC9D8 /* Debug */ = {
			isa = XCBuildConfiguration;
			buildSettings = {
				ASSETCATALOG_COMPILER_APPICON_NAME = AppIcon;
				ASSETCATALOG_COMPILER_GLOBAL_ACCENT_COLOR_NAME = AccentColor;
				CODE_SIGN_STYLE = Automatic;
				CURRENT_PROJECT_VERSION = 1;
				DEVELOPMENT_ASSET_PATHS = "\"netwok/Preview Content\"";
				ENABLE_PREVIEWS = YES;
				GENERATE_INFOPLIST_FILE = YES;
				INFOPLIST_FILE = netwok/Info.plist;
				INFOPLIST_KEY_UIApplicationSceneManifest_Generation = YES;
				INFOPLIST_KEY_UIApplicationSupportsIndirectInputEvents = YES;
				INFOPLIST_KEY_UILaunchScreen_Generation = YES;
				INFOPLIST_KEY_UISupportedInterfaceOrientations_iPad = "UIInterfaceOrientationPortrait UIInterfaceOrientationPortraitUpsideDown UIInterfaceOrientationLandscapeLeft UIInterfaceOrientationLandscapeRight";
				INFOPLIST_KEY_UISupportedInterfaceOrientations_iPhone = "UIInterfaceOrientationPortrait UIInterfaceOrientationLandscapeLeft UIInterfaceOrientationLandscapeRight";
				LD_RUNPATH_SEARCH_PATHS = (
					"$(inherited)",
					"@executable_path/Frameworks",
				);
				MARKETING_VERSION = 1.0;
				PRODUCT_BUNDLE_IDENTIFIER = HKG.netwok;
				PRODUCT_NAME = "$(TARGET_NAME)";
				SWIFT_EMIT_LOC_STRINGS = YES;
				SWIFT_VERSION = 5.0;
				TARGETED_DEVICE_FAMILY = "1,2";
			};
			name = Debug;
		};
		BEDB8A0B2B20D536004EC9D8 /* Release */ = {
			isa = XCBuildConfiguration;
			buildSettings = {
				ASSETCATALOG_COMPILER_APPICON_NAME = AppIcon;
				ASSETCATALOG_COMPILER_GLOBAL_ACCENT_COLOR_NAME = AccentColor;
				CODE_SIGN_STYLE = Automatic;
				CURRENT_PROJECT_VERSION = 1;
				DEVELOPMENT_ASSET_PATHS = "\"netwok/Preview Content\"";
				ENABLE_PREVIEWS = YES;
				GENERATE_INFOPLIST_FILE = YES;
				INFOPLIST_FILE = netwok/Info.plist;
				INFOPLIST_KEY_UIApplicationSceneManifest_Generation = YES;
				INFOPLIST_KEY_UIApplicationSupportsIndirectInputEvents = YES;
				INFOPLIST_KEY_UILaunchScreen_Generation = YES;
				INFOPLIST_KEY_UISupportedInterfaceOrientations_iPad = "UIInterfaceOrientationPortrait UIInterfaceOrientationPortraitUpsideDown UIInterfaceOrientationLandscapeLeft UIInterfaceOrientationLandscapeRight";
				INFOPLIST_KEY_UISupportedInterfaceOrientations_iPhone = "UIInterfaceOrientationPortrait UIInterfaceOrientationLandscapeLeft UIInterfaceOrientationLandscapeRight";
				LD_RUNPATH_SEARCH_PATHS = (
					"$(inherited)",
					"@executable_path/Frameworks",
				);
				MARKETING_VERSION = 1.0;
				PRODUCT_BUNDLE_IDENTIFIER = HKG.netwok;
				PRODUCT_NAME = "$(TARGET_NAME)";
				SWIFT_EMIT_LOC_STRINGS = YES;
				SWIFT_VERSION = 5.0;
				TARGETED_DEVICE_FAMILY = "1,2";
			};
			name = Release;
		};
		BEDB8A0D2B20D536004EC9D8 /* Debug */ = {
			isa = XCBuildConfiguration;
			buildSettings = {
				ALWAYS_EMBED_SWIFT_STANDARD_LIBRARIES = YES;
				BUNDLE_LOADER = "$(TEST_HOST)";
				CODE_SIGN_STYLE = Automatic;
				CURRENT_PROJECT_VERSION = 1;
				GENERATE_INFOPLIST_FILE = YES;
				IPHONEOS_DEPLOYMENT_TARGET = 16.4;
				MARKETING_VERSION = 1.0;
				PRODUCT_BUNDLE_IDENTIFIER = HKG.netwokTests;
				PRODUCT_NAME = "$(TARGET_NAME)";
				SWIFT_EMIT_LOC_STRINGS = NO;
				SWIFT_VERSION = 5.0;
				TARGETED_DEVICE_FAMILY = "1,2";
				TEST_HOST = "$(BUILT_PRODUCTS_DIR)/netwok.app/$(BUNDLE_EXECUTABLE_FOLDER_PATH)/netwok";
			};
			name = Debug;
		};
		BEDB8A0E2B20D536004EC9D8 /* Release */ = {
			isa = XCBuildConfiguration;
			buildSettings = {
				ALWAYS_EMBED_SWIFT_STANDARD_LIBRARIES = YES;
				BUNDLE_LOADER = "$(TEST_HOST)";
				CODE_SIGN_STYLE = Automatic;
				CURRENT_PROJECT_VERSION = 1;
				GENERATE_INFOPLIST_FILE = YES;
				IPHONEOS_DEPLOYMENT_TARGET = 16.4;
				MARKETING_VERSION = 1.0;
				PRODUCT_BUNDLE_IDENTIFIER = HKG.netwokTests;
				PRODUCT_NAME = "$(TARGET_NAME)";
				SWIFT_EMIT_LOC_STRINGS = NO;
				SWIFT_VERSION = 5.0;
				TARGETED_DEVICE_FAMILY = "1,2";
				TEST_HOST = "$(BUILT_PRODUCTS_DIR)/netwok.app/$(BUNDLE_EXECUTABLE_FOLDER_PATH)/netwok";
			};
			name = Release;
		};
		BEDB8A102B20D536004EC9D8 /* Debug */ = {
			isa = XCBuildConfiguration;
			buildSettings = {
				ALWAYS_EMBED_SWIFT_STANDARD_LIBRARIES = YES;
				CODE_SIGN_STYLE = Automatic;
				CURRENT_PROJECT_VERSION = 1;
				GENERATE_INFOPLIST_FILE = YES;
				MARKETING_VERSION = 1.0;
				PRODUCT_BUNDLE_IDENTIFIER = HKG.netwokUITests;
				PRODUCT_NAME = "$(TARGET_NAME)";
				SWIFT_EMIT_LOC_STRINGS = NO;
				SWIFT_VERSION = 5.0;
				TARGETED_DEVICE_FAMILY = "1,2";
				TEST_TARGET_NAME = netwok;
			};
			name = Debug;
		};
		BEDB8A112B20D536004EC9D8 /* Release */ = {
			isa = XCBuildConfiguration;
			buildSettings = {
				ALWAYS_EMBED_SWIFT_STANDARD_LIBRARIES = YES;
				CODE_SIGN_STYLE = Automatic;
				CURRENT_PROJECT_VERSION = 1;
				GENERATE_INFOPLIST_FILE = YES;
				MARKETING_VERSION = 1.0;
				PRODUCT_BUNDLE_IDENTIFIER = HKG.netwokUITests;
				PRODUCT_NAME = "$(TARGET_NAME)";
				SWIFT_EMIT_LOC_STRINGS = NO;
				SWIFT_VERSION = 5.0;
				TARGETED_DEVICE_FAMILY = "1,2";
				TEST_TARGET_NAME = netwok;
			};
			name = Release;
		};
/* End XCBuildConfiguration section */

/* Begin XCConfigurationList section */
		BEDB89E02B20D535004EC9D8 /* Build configuration list for PBXProject "netwok" */ = {
			isa = XCConfigurationList;
			buildConfigurations = (
				BEDB8A072B20D536004EC9D8 /* Debug */,
				BEDB8A082B20D536004EC9D8 /* Release */,
			);
			defaultConfigurationIsVisible = 0;
			defaultConfigurationName = Release;
		};
		BEDB8A092B20D536004EC9D8 /* Build configuration list for PBXNativeTarget "netwok" */ = {
			isa = XCConfigurationList;
			buildConfigurations = (
				BEDB8A0A2B20D536004EC9D8 /* Debug */,
				BEDB8A0B2B20D536004EC9D8 /* Release */,
			);
			defaultConfigurationIsVisible = 0;
			defaultConfigurationName = Release;
		};
		BEDB8A0C2B20D536004EC9D8 /* Build configuration list for PBXNativeTarget "netwokTests" */ = {
			isa = XCConfigurationList;
			buildConfigurations = (
				BEDB8A0D2B20D536004EC9D8 /* Debug */,
				BEDB8A0E2B20D536004EC9D8 /* Release */,
			);
			defaultConfigurationIsVisible = 0;
			defaultConfigurationName = Release;
		};
		BEDB8A0F2B20D536004EC9D8 /* Build configuration list for PBXNativeTarget "netwokUITests" */ = {
			isa = XCConfigurationList;
			buildConfigurations = (
				BEDB8A102B20D536004EC9D8 /* Debug */,
				BEDB8A112B20D536004EC9D8 /* Release */,
			);
			defaultConfigurationIsVisible = 0;
			defaultConfigurationName = Release;
		};
/* End XCConfigurationList section */
	};
	rootObject = BEDB89DD2B20D535004EC9D8 /* Project object */;
}
